
Microsoft Visual Studio Solution File, Format Version 12.00
# Visual Studio Version 17
VisualStudioVersion = 17.13.35818.85 d17.13
MinimumVisualStudioVersion = 10.0.40219.1
Project("{FAE04EC0-301F-11D3-BF4B-00C04F79EFBC}") = "modul5_103022300063", "modul5_103022300063.csproj", "{77CE873E-E5E5-45D6-AD80-0C18BAB4C199}"
EndProject
Global
	GlobalSection(SolutionConfigurationPlatforms) = preSolution
		Debug|Any CPU = Debug|Any CPU
		Release|Any CPU = Release|Any CPU
	EndGlobalSection
	GlobalSection(ProjectConfigurationPlatforms) = postSolution
		{77CE873E-E5E5-45D6-AD80-0C18BAB4C199}.Debug|Any CPU.ActiveCfg = Debug|Any CPU
		{77CE873E-E5E5-45D6-AD80-0C18BAB4C199}.Debug|Any CPU.Build.0 = Debug|Any CPU
		{77CE873E-E5E5-45D6-AD80-0C18BAB4C199}.Release|Any CPU.ActiveCfg = Release|Any CPU
		{77CE873E-E5E5-45D6-AD80-0C18BAB4C199}.Release|Any CPU.Build.0 = Release|Any CPU
	EndGlobalSection
	GlobalSection(SolutionProperties) = preSolution
		HideSolutionNode = FALSE
	EndGlobalSection
	GlobalSection(ExtensibilityGlobals) = postSolution
		SolutionGuid = {1E78AA26-9BA0-4B27-8DFA-22173B058F3A}
	EndGlobalSection
EndGlobal
